Microsoft Visual Studio Solution File, Format Version 12.00
# Visual Studio Version 17
VisualStudioVersion = 17.5.2.0
MinimumVisualStudioVersion = 10.0.40219.1
Project("{FAE04EC0-301F-11D3-BF4B-00C04F79EFBC}") = "ImbaManagerPlugin", "ImbaManagerPlugin.csproj", "{B86F9C6E-0385-7587-4B4D-81B3548A0AAE}"
EndProject
Global
	GlobalSection(SolutionConfigurationPlatforms) = preSolution
		Debug|Any CPU = Debug|Any CPU
		Release|Any CPU = Release|Any CPU
	EndGlobalSection
	GlobalSection(ProjectConfigurationPlatforms) = postSolution
		{B86F9C6E-0385-7587-4B4D-81B3548A0AAE}.Debug|Any CPU.ActiveCfg = Debug|Any CPU
		{B86F9C6E-0385-7587-4B4D-81B3548A0AAE}.Debug|Any CPU.Build.0 = Debug|Any CPU
		{B86F9C6E-0385-7587-4B4D-81B3548A0AAE}.Release|Any CPU.ActiveCfg = Release|Any CPU
		{B86F9C6E-0385-7587-4B4D-81B3548A0AAE}.Release|Any CPU.Build.0 = Release|Any CPU
	EndGlobalSection
	GlobalSection(SolutionProperties) = preSolution
		HideSolutionNode = FALSE
	EndGlobalSection
	GlobalSection(ExtensibilityGlobals) = postSolution
		SolutionGuid = {FA8B321E-5695-418B-813E-1276F0AF21F7}
	EndGlobalSection
EndGlobal
